cloud.google.com/go v0.26.0/go.mod h1:aQUYkXzVsufM+DwF1aE+0xfcU+56JwCaLick0ClmMTw=
cloud.google.com/go v0.110.0 h1:Zc8gqp3+a9/Eyph2KDmcGaPtbKRIoqq4YTlL4NMD0Ys=
cloud.google.com/go v0.110.0/go.mod h1:SJnCLqQ0FCFGSZMUNUf84MV3Aia54kn7pi8st7tMzaY=
cloud.google.com/go/compute/metadata v0.3.0 h1:Tz+eQXMEqDIKRsmY3cHTL6FVaynIjX2QxYC4trgAKZc=
cloud.google.com/go/compute/metadata v0.3.0/go.mod h1:zFmK7XCadkQkj6TtorcaGlCW1hT1fIilQDwofLpJ20k=
cloud.google.com/go/iam v0.13.0 h1:+CmB+K0J/33d0zSQ9SlFWUeCCEn5XJA0ZMZ3pHE9u8k=
cloud.google.com/go/iam v0.13.0/go.mod h1:ljOg+rcNfzZ5d6f1nAUJ8ZIxOaZUVoS14bKCtaLZ/D0=
cloud.google.com/go/longrunning v0.4.1 h1:v+yFJOfKC3yZdY6ZUI933pIYdhyhV8S3NpWrXWmg7jM=
cloud.google.com/go/longrunning v0.4.1/go.mod h1:4iWDqhBZ70CvZ6BfETbvam3T8FMvLK+eFj0E6AaRQTo=
cloud.google.com/go/storage v1.29.0 h1:6weCgzRvMg7lzuUurI4697AqIRPU1SvzHhynwpW31jI=
cloud.google.com/go/storage v1.29.0/go.mod h1:4puEjyTKnku6gfKoTfNOU/W+a9JyuVNxjpS5GBrB8h4=
dario.cat/mergo v1.0.1 h1:Ra4+bf83h2ztPIQYNP99R6m+Y7KfnARDfID+a+vLl4s=
dario.cat/mergo v1.0.1/go.mod h1:uNxQE+84aUszobStD9th8a29P2fMDhsBdgRYvZOxGmk=
github.com/BurntSushi/toml v0.3.1/go.mod h1:xHWCNGjB5oqiDr8zfno3MHue2Ht5sIBksp03qcyfWMU=
github.com/Masterminds/goutils v1.1.1 h1:5nUrii3FMTL5diU80unEVvNevw1nH4+ZV4DSLVJLSYI=
github.com/Masterminds/goutils v1.1.1/go.mod h1:8cTjp+g8YejhMuvIA5y2vz3BpJxksy863GQaJW2MFNU=
github.com/Masterminds/semver/v3 v3.4.0 h1:Zog+i5UMtVoCU8oKka5P7i9q9HgrJeGzI9SA1Xbatp0=
github.com/Masterminds/semver/v3 v3.4.0/go.mod h1:4V+yj/TJE1HU9XfppCwVMZq3I84lprf4nC11bSS5beM=
github.com/Masterminds/sprig/v3 v3.3.0 h1:mQh0Yrg1XPo6vjYXgtf5OtijNAKJRNcTdOOGZe3tPhs=
github.com/Masterminds/sprig/v3 v3.3.0/go.mod h1:Zy1iXRYNqNLUolqCpL4uhk6SHUMAOSCzdgBfDb35Lz0=
github.com/aws/aws-sdk-go-v2 v1.36.3 h1:mJoei2CxPutQVxaATCzDUjcZEjVRdpsiiXi2o38yqWM=
github.com/aws/aws-sdk-go-v2 v1.36.3/go.mod h1:LLXuLpgzEbD766Z5ECcRmi8AzSwfZItDtmABVkRLGzg=
github.com/aws/aws-sdk-go-v2/aws/protocol/eventstream v1.6.10 h1:zAybnyUQXIZ5mok5Jqwlf58/TFE7uvd3IAsa1aF9cXs=
github.com/aws/aws-sdk-go-v2/aws/protocol/eventstream v1.6.10/go.mod h1:qqvMj6gHLR/EXWZw4ZbqlPbQUyenf4h82UQUlKc+l14=
github.com/aws/aws-sdk-go-v2/config v1.29.15 h1:I5XjesVMpDZXZEZonVfjI12VNMrYa38LtLnw4NtY5Ss=
github.com/aws/aws-sdk-go-v2/config v1.29.15/go.mod h1:tNIp4JIPonlsgaO5hxO372a6gjhN63aSWl2GVl5QoBQ=
github.com/aws/aws-sdk-go-v2/credentials v1.17.68 h1:cFb9yjI02/sWHBSYXAtkamjzCuRymvmeFmt0TC0MbYY=
github.com/aws/aws-sdk-go-v2/credentials v1.17.68/go.mod h1:H6E+jBzyqUu8u0vGaU6POkK3P0NylYEeRZ6ynBpMqIk=
github.com/aws/aws-sdk-go-v2/feature/ec2/imds v1.16.30 h1:x793wxmUWVDhshP8WW2mlnXuFrO4cOd3HLBroh1paFw=
github.com/aws/aws-sdk-go-v2/feature/ec2/imds v1.16.30/go.mod h1:Jpne2tDnYiFascUEs2AWHJL9Yp7A5ZVy3TNyxaAjD6M=
github.com/aws/aws-sdk-go-v2/internal/configsources v1.3.34 h1:ZK5jHhnrioRkUNOc+hOgQKlUL5JeC3S6JgLxtQ+Rm0Q=
github.com/aws/aws-sdk-go-v2/internal/configsources v1.3.34/go.mod h1:p4VfIceZokChbA9FzMbRGz5OV+lekcVtHlPKEO0gSZY=
github.com/aws/aws-sdk-go-v2/internal/endpoints/v2 v2.6.34 h1:SZwFm17ZUNNg5Np0ioo/gq8Mn6u9w19Mri8DnJ15Jf0=
github.com/aws/aws-sdk-go-v2/internal/endpoints/v2 v2.6.34/go.mod h1:dFZsC0BLo346mvKQLWmoJxT+Sjp+qcVR1tRVHQGOH9Q=
github.com/aws/aws-sdk-go-v2/internal/ini v1.8.3 h1:bIqFDwgGXXN1Kpp99pDOdKMTTb5d2KyU5X/BZxjOkRo=
github.com/aws/aws-sdk-go-v2/internal/ini v1.8.3/go.mod h1:H5O/EsxDWyU+LP/V8i5sm8cxoZgc2fdNR9bxlOFrQTo=
github.com/aws/aws-sdk-go-v2/internal/v4a v1.3.34 h1:ZNTqv4nIdE/DiBfUUfXcLZ/Spcuz+RjeziUtNJackkM=
github.com/aws/aws-sdk-go-v2/internal/v4a v1.3.34/go.mod h1:zf7Vcd1ViW7cPqYWEHLHJkS50X0JS2IKz9Cgaj6ugrs=
github.com/aws/aws-sdk-go-v2/service/internal/accept-encoding v1.12.3 h1:eAh2A4b5IzM/lum78bZ590jy36+d/aFLgKF/4Vd1xPE=
github.com/aws/aws-sdk-go-v2/service/internal/accept-encoding v1.12.3/go.mod h1:0yKJC/kb8sAnmlYa6Zs3QVYqaC8ug2AbnNChv5Ox3uA=
github.com/aws/aws-sdk-go-v2/service/internal/checksum v1.7.2 h1:BCG7DCXEXpNCcpwCxg1oi9pkJWH2+eZzTn9MY56MbVw=
github.com/aws/aws-sdk-go-v2/service/internal/checksum v1.7.2/go.mod h1:iu6FSzgt+M2/x3Dk8zhycdIcHjEFb36IS8HVUVFoMg0=
github.com/aws/aws-sdk-go-v2/service/internal/presigned-url v1.12.15 h1:dM9/92u2F1JbDaGooxTq18wmmFzbJRfXfVfy96/1CXM=
github.com/aws/aws-sdk-go-v2/service/internal/presigned-url v1.12.15/go.mod h1:SwFBy2vjtA0vZbjjaFtfN045boopadnoVPhu4Fv66vY=
github.com/aws/aws-sdk-go-v2/service/internal/s3shared v1.18.15 h1:moLQUoVq91LiqT1nbvzDukyqAlCv89ZmwaHw/ZFlFZg=
github.com/aws/aws-sdk-go-v2/service/internal/s3shared v1.18.15/go.mod h1:ZH34PJUc8ApjBIfgQCFvkWcUDBtl/WTD+uiYHjd8igA=
github.com/aws/aws-sdk-go-v2/service/s3 v1.80.1 h1:xYEAf/6QHiTZDccKnPMbsMwlau13GsDsTgdue3wmHGw=
github.com/aws/aws-sdk-go-v2/service/s3 v1.80.1/go.mod h1:qbn305Je/IofWBJ4bJz/Q7pDEtnnoInw/dGt71v6rHE=
github.com/aws/aws-sdk-go-v2/service/sso v1.25.3 h1:1Gw+9ajCV1jogloEv1RRnvfRFia2cL6c9cuKV2Ps+G8=
github.com/aws/aws-sdk-go-v2/service/sso v1.25.3/go.mod h1:qs4a9T5EMLl/Cajiw2TcbNt2UNo/Hqlyp+GiuG4CFDI=
github.com/aws/aws-sdk-go-v2/service/ssooidc v1.30.1 h1:hXmVKytPfTy5axZ+fYbR5d0cFmC3JvwLm5kM83luako=
github.com/aws/aws-sdk-go-v2/service/ssooidc v1.30.1/go.mod h1:MlYRNmYu/fGPoxBQVvBYr9nyr948aY/WLUvwBMBJubs=
github.com/aws/aws-sdk-go-v2/service/sts v1.33.20 h1:oIaQ1e17CSKaWmUTu62MtraRWVIosn/iONMuZt0gbqc=
github.com/aws/aws-sdk-go-v2/service/sts v1.33.20/go.mod h1:cQnB8CUnxbMU82JvlqjKR2HBOm3fe9pWorWBza6MBJ4=
github.com/aws/smithy-go v1.22.3 h1:Z//5NuZCSW6R4PhQ93hShNbyBbn8BWCmCVCt+Q8Io5k=
github.com/aws/smithy-go v1.22.3/go.mod h1:t1ufH5HMublsJYulve2RKmHDC15xu1f26kHCp/HgceI=
github.com/aymanbagabas/go-osc52/v2 v2.0.1 h1:HwpRHbFMcZLEVr42D4p7XBqjyuxQH5SMiErDT4WkJ2k=
github.com/aymanbagabas/go-osc52/v2 v2.0.1/go.mod h1:uYgXzlJ7ZpABp8OJ+exZzJJhRNQ2ASbcXHWsFqH8hp8=
github.com/bgentry/go-netrc v0.0.0-20140422174119-9fd32a8b3d3d h1:xDfNPAt8lFiC1UJrqV3uuy861HCTo708pDMbjHHdCas=
github.com/bgentry/go-netrc v0.0.0-20140422174119-9fd32a8b3d3d/go.mod h1:6QX/PXZ00z/TKoufEY6K/a0k6AhaJrQKdFe6OfVXsa4=
github.com/census-instrumentation/opencensus-proto v0.2.1/go.mod h1:f6KPmirojxKA12rnyqOA5BBL4O983OfeGPqjHWSTneU=
github.com/charmbracelet/bubbles v0.18.0 h1:PYv1A036luoBGroX6VWjQIE9Syf2Wby2oOl/39KLfy0=
github.com/charmbracelet/bubbles v0.18.0/go.mod h1:08qhZhtIwzgrtBjAcJnij1t1H0ZRjwHyGsy6AL11PSw=
github.com/charmbracelet/bubbletea v0.25.0 h1:bAfwk7jRz7FKFl9RzlIULPkStffg5k6pNt5dywy4TcM=
github.com/charmbracelet/bubbletea v0.25.0/go.mod h1:EN3QDR1T5ZdWmdfDzYcqOCAps45+QIJbLOBxmVNWNNg=
github.com/charmbracelet/harmonica v0.2.0 h1:8NxJWRWg/bzKqqEaaeFNipOu77YR5t8aSwG4pgaUBiQ=
github.com/charmbracelet/harmonica v0.2.0/go.mod h1:KSri/1RMQOZLbw7AHqgcBycp8pgJnQMYYT8QZRqZ1Ao=
github.com/charmbracelet/lipgloss v0.10.0 h1:KWeXFSexGcfahHX+54URiZGkBFazf70JNMtwg/AFW3s=
github.com/charmbracelet/lipgloss v0.10.0/go.mod h1:Wig9DSfvANsxqkRsqj6x87irdy123SR4dOXlKa91ciE=
github.com/client9/misspell v0.3.4/go.mod h1:qj6jICC3Q7zFZvVWo7KLAzC3yx5G7kyvSDkc90ppPyw=
github.com/cncf/udpa/go v0.0.0-20191209042840-269d4d468f6f/go.mod h1:M8M6+tZqaGXZJjfX53e64911xZQV5JYwmTeXPW+k8Sc=
github.com/containerd/console v1.0.5 h1:R0ymNeydRqH2DmakFNdmjR2k0t7UPuiOV/N/27/qqsc=
github.com/containerd/console v1.0.5/go.mod h1:YynlIjWYF8myEu6sdkwKIvGQq+cOckRm6So2avqoYAk=
github.com/coreos/go-systemd/v22 v22.5.0/go.mod h1:Y58oyj3AT4RCenI/lSvhwexgC+NSVTIJ3seZv2GcEnc=
github.com/cpuguy83/go-md2man/v2 v2.0.6/go.mod h1:oOW0eioCTA6cOiMLiUPZOpcVxMig6NIQQ7OS05n1F4g=
github.com/davecgh/go-spew v1.1.0/go.mod h1:J7Y8YcW2NihsgmVo/mv3lAwl/skON4iLHjSsI+c5H38=
github.com/davecgh/go-spew v1.1.1 h1:vj9j/u1bqnvCEfJOwUhtlOARqs3+rkHYY13jYWTU97c=
github.com/davecgh/go-spew v1.1.1/go.mod h1:J7Y8YcW2NihsgmVo/mv3lAwl/skON4iLHjSsI+c5H38=
github.com/envoyproxy/go-control-plane v0.9.0/go.mod h1:YTl/9mNaCwkRvm6d1a2C3ymFceY/DCBVvsKhRF0iEA4=
github.com/envoyproxy/go-control-plane v0.9.1-0.20191026205805-5f8ba28d4473/go.mod h1:YTl/9mNaCwkRvm6d1a2C3ymFceY/DCBVvsKhRF0iEA4=
github.com/envoyproxy/go-control-plane v0.9.4/go.mod h1:6rpuAdCZL397s3pYoYcLgu1mIlRU8Am5FuJP05cCM98=
github.com/envoyproxy/protoc-gen-validate v0.1.0/go.mod h1:iSmxcyjqTsJpI2R4NaDN7+kN2VEUnK/pcBlmesArF7c=
github.com/frankban/quicktest v1.14.6 h1:7Xjx+VpznH+oBnejlPUj8oUpdxnVs4f8XU8WnHkI4W8=
github.com/frankban/quicktest v1.14.6/go.mod h1:4ptaffx2x8+WTWXmUCuVU6aPUX1/Mz7zb5vbUoiM6w0=
github.com/fsnotify/fsnotify v1.9.0 h1:2Ml+OJNzbYCTzsxtv8vKSFD9PbJjmhYF14k/jKC7S9k=
github.com/fsnotify/fsnotify v1.9.0/go.mod h1:8jBTzvmWwFyi3Pb8djgCCO5IBqzKJ/Jwo8TRcHyHii0=
github.com/gkampitakis/ciinfo v0.3.2 h1:JcuOPk8ZU7nZQjdUhctuhQofk7BGHuIy0c9Ez8BNhXs=
github.com/gkampitakis/ciinfo v0.3.2/go.mod h1:1NIwaOcFChN4fa/B0hEBdAb6npDlFL8Bwx4dfRLRqAo=
github.com/gkampitakis/go-diff v1.3.2 h1:Qyn0J9XJSDTgnsgHRdz9Zp24RaJeKMUHg2+PDZZdC4M=
github.com/gkampitakis/go-diff v1.3.2/go.mod h1:LLgOrpqleQe26cte8s36HTWcTmMEur6OPYerdAAS9tk=
github.com/gkampitakis/go-snaps v0.5.14 h1:3fAqdB6BCPKHDMHAKRwtPUwYexKtGrNuw8HX/T/4neo=
github.com/gkampitakis/go-snaps v0.5.14/go.mod h1:HNpx/9GoKisdhw9AFOBT1N7DBs9DiHo/hGheFGBZ+mc=
github.com/go-logr/logr v1.4.3 h1:CjnDlHq8ikf6E492q6eKboGOC0T8CDaOvkHCIg8idEI=
github.com/go-logr/logr v1.4.3/go.mod h1:9T104GzyrTigFIr8wt5mBrctHMim0Nb2HLGrmQ40KvY=
github.com/go-task/slim-sprig/v3 v3.0.0 h1:sUs3vkvUymDpBKi3qH1YSqBQk9+9D/8M2mN1vB6EwHI=
github.com/go-task/slim-sprig/v3 v3.0.0/go.mod h1:W848ghGpv3Qj3dhTPRyJypKRiqCdHZiAzKg9hl15HA8=
github.com/go-viper/mapstructure/v2 v2.4.0 h1:EBsztssimR/CONLSZZ04E8qAkxNYq4Qp9LvH92wZUgs=
github.com/go-viper/mapstructure/v2 v2.4.0/go.mod h1:oJDH3BJKyqBA2TXFhDsKDGDTlndYOZ6rGS0BRZIxGhM=
github.com/goccy/go-yaml v1.18.0 h1:8W7wMFS12Pcas7KU+VVkaiCng+kG8QiFeFwzFb+rwuw=
github.com/goccy/go-yaml v1.18.0/go.mod h1:XBurs7gK8ATbW4ZPGKgcbrY1Br56PdM69F7LkFRi1kA=
github.com/godbus/dbus/v5 v5.0.4/go.mod h1:xhWf0FNVPg57R7Z0UbKHbJfkEywrmjJnf7w5xrFpKfA=
github.com/golang/glog v0.0.0-20160126235308-23def4e6c14b/go.mod h1:SBH7ygxi8pfUlaOkMMuAQtPIUF8ecWP5IEl/CR7VP2Q=
github.com/golang/groupcache v0.0.0-20200121045136-8c9f03a8e57e/go.mod h1:cIg4eruTrX1D+g88fzRXU5OdNfaM+9IcxsU14FzY7Hc=
github.com/golang/groupcache v0.0.0-20210331224755-41bb18bfe9da h1:oI5xCqsCo564l8iNU+DwB5epxmsaqB+rhGL0m5jtYqE=
github.com/golang/groupcache v0.0.0-20210331224755-41bb18bfe9da/go.mod h1:cIg4eruTrX1D+g88fzRXU5OdNfaM+9IcxsU14FzY7Hc=
github.com/golang/mock v1.1.1/go.mod h1:oTYuIxOrZwtPieC+H1uAHpcLFnEyAGVDL/k47Jfbm0A=
github.com/golang/protobuf v1.2.0/go.mod h1:6lQm79b+lXiMfvg/cZm0SGofjICqVBUtrP5yJMmIC1U=
github.com/golang/protobuf v1.3.1/go.mod h1:6lQm79b+lXiMfvg/cZm0SGofjICqVBUtrP5yJMmIC1U=
github.com/golang/protobuf v1.3.2/go.mod h1:6lQm79b+lXiMfvg/cZm0SGofjICqVBUtrP5yJMmIC1U=
github.com/golang/protobuf v1.4.0-rc.1/go.mod h1:ceaxUfeHdC40wWswd/P6IGgMaK3YpKi5j83Wpe3EHw8=
github.com/golang/protobuf v1.4.0-rc.1.0.20200221234624-67d41d38c208/go.mod h1:xKAWHe0F5eneWXFV3EuXVDTCmh+JuBKY0li0aMyXATA=
github.com/golang/protobuf v1.4.0-rc.2/go.mod h1:LlEzMj4AhA7rCAGe4KMBDvJI+AwstrUpVNzEA03Pprs=
github.com/golang/protobuf v1.4.0-rc.4.0.20200313231945-b860323f09d0/go.mod h1:WU3c8KckQ9AFe+yFwt9sWVRKCVIyN9cPHBJSNnbL67w=
github.com/golang/protobuf v1.4.0/go.mod h1:jodUvKwWbYaEsadDk5Fwe5c77LiNKVO9IDvqG2KuDX0=
github.com/golang/protobuf v1.4.1/go.mod h1:U8fpvMrcmy5pZrNK1lt4xCsGvpyWQ/VVv6QDs8UjoX8=
github.com/golang/protobuf v1.4.3/go.mod h1:oDoupMAO8OvCJWAcko0GGGIgR6R6ocIYbsSw735rRwI=
github.com/golang/protobuf v1.5.0/go.mod h1:FsONVRAS9T7sI+LIUmWTfcYkHO4aIWwzhcaSAoJOfIk=
github.com/golang/protobuf v1.5.3 h1:KhyjKVUg7Usr/dYsdSqoFveMYd5ko72D+zANwlG1mmg=
github.com/golang/protobuf v1.5.3/go.mod h1:XVQd3VNwM+JqD3oG2Ue2ip4fOMUkwXdXDdiuN0vRsmY=
github.com/google/go-cmp v0.2.0/go.mod h1:oXzfMopK8JAjlY9xF4vHSVASa0yLyX7SntLO5aqRK0M=
github.com/google/go-cmp v0.3.0/go.mod h1:8QqcDgzrUqlUb/G2PQTWiueGozuR1884gddMywk6iLU=
github.com/google/go-cmp v0.3.1/go.mod h1:8QqcDgzrUqlUb/G2PQTWiueGozuR1884gddMywk6iLU=
github.com/google/go-cmp v0.4.0/go.mod h1:v8dTdLbMG2kIc/vJvl+f65V22dbkXbowE6jgT/gNBxE=
github.com/google/go-cmp v0.5.0/go.mod h1:v8dTdLbMG2kIc/vJvl+f65V22dbkXbowE6jgT/gNBxE=
github.com/google/go-cmp v0.5.3/go.mod h1:v8dTdLbMG2kIc/vJvl+f65V22dbkXbowE6jgT/gNBxE=
github.com/google/go-cmp v0.5.5/go.mod h1:v8dTdLbMG2kIc/vJvl+f65V22dbkXbowE6jgT/gNBxE=
github.com/google/go-cmp v0.7.0 h1:wk8382ETsv4JYUZwIsn6YpYiWiBsYLSJiTsyBybVuN8=
github.com/google/go-cmp v0.7.0/go.mod h1:pXiqmnSA92OHEEa9HXL2W4E7lf9JzCmGVUdgjX3N/iU=
github.com/google/go-github/v32 v32.1.0 h1:GWkQOdXqviCPx7Q7Fj+KyPoGm4SwHRh8rheoPhd27II=
github.com/google/go-github/v32 v32.1.0/go.mod h1:rIEpZD9CTDQwDK9GDrtMTycQNA4JU3qBsCizh3q2WCI=
github.com/google/go-querystring v1.0.0 h1:Xkwi/a1rcvNg1PPYe5vI8GbeBY/jrVuDX5ASuANWTrk=
github.com/google/go-querystring v1.0.0/go.mod h1:odCYkC5MyYFN7vkCjXpyrEuKhc/BUO6wN/zVPAxq5ck=
github.com/google/martian/v3 v3.3.2 h1:IqNFLAmvJOgVlpdEBiQbDc2EwKW77amAycfTuWKdfvw=
github.com/google/martian/v3 v3.3.2/go.mod h1:oBOf6HBosgwRXnUGWUB05QECsc6uvmMiJ3+6W4l/CUk=
github.com/google/pprof v0.0.0-20250403155104-27863c87afa6 h1:BHT72Gu3keYf3ZEu2J0b1vyeLSOYI8bm5wbJM/8yDe8=
github.com/google/pprof v0.0.0-20250403155104-27863c87afa6/go.mod h1:boTsfXsheKC2y+lKOCMpSfarhxDeIzfZG1jqGcPl3cA=
github.com/google/uuid v1.1.2/go.mod h1:TIyPZe4MgqvfeYDBFedMoGGpEw/LqOeaOT+nhxU+yHo=
github.com/google/uuid v1.6.0 h1:NIvaJDMOsjHA8n1jAhLSgzrAzy1Hgr+hNrb57e+94F0=
github.com/google/uuid v1.6.0/go.mod h1:TIyPZe4MgqvfeYDBFedMoGGpEw/LqOeaOT+nhxU+yHo=
github.com/googleapis/enterprise-certificate-proxy v0.2.3 h1:yk9/cqRKtT9wXZSsRH9aurXEpJX+U6FLtpYTdC3R06k=
github.com/googleapis/enterprise-certificate-proxy v0.2.3/go.mod h1:AwSRAtLfXpU5Nm3pW+v7rGDHp09LsPtGY9MduiEsR9k=
github.com/googleapis/gax-go/v2 v2.7.1 h1:gF4c0zjUP2H/s/hEGyLA3I0fA2ZWjzYiONAD6cvPr8A=
github.com/googleapis/gax-go/v2 v2.7.1/go.mod h1:4orTrqY6hXxxaUL4LHIPl6lGo8vAE38/qKbhSAKP6QI=
github.com/hashicorp/aws-sdk-go-base/v2 v2.0.0-beta.65 h1:81+kWbE1yErFBMjME0I5k3x3kojjKsWtPYHEAutoPow=
github.com/hashicorp/aws-sdk-go-base/v2 v2.0.0-beta.65/go.mod h1:WtMzv9T++tfWVea+qB2MXoaqxw33S8bpJslzUike2mQ=
github.com/hashicorp/go-cleanhttp v0.5.2 h1:035FKYIWjmULyFRBKPs8TBQoi0x6d9G4xc9neXJWAZQ=
github.com/hashicorp/go-cleanhttp v0.5.2/go.mod h1:kO/YDlP8L1346E6Sodw+PrpBSV4/SoxCXGY6BqNFT48=
github.com/hashicorp/go-getter v1.8.2 h1:CGCK+bZQLl44PYiwJweVzfpjg7bBwtuXu3AGcLiod2o=
github.com/hashicorp/go-getter v1.8.2/go.mod h1:CUTt9x2bCtJ/sV8ihgrITL3IUE+0BE1j/e4n5P/GIM4=
github.com/hashicorp/go-getter/v2 v2.2.3/go.mod h1:hp5Yy0GMQvwWVUmwLs3ygivz1JSLI323hdIE9J9m7TY=
github.com/hashicorp/go-version v1.6.0 h1:feTTfFNnjP967rlCxM/I9g701jU+RN74YKx2mOkIeek=
github.com/hashicorp/go-version v1.6.0/go.mod h1:fltr4n8CU8Ke44wwGCBoEymUuxUHl09ZGVZPK5anwXA=
github.com/huandu/xstrings v1.5.0 h1:2ag3IFq9ZDANvthTwTiqSSZLjDc+BedvHPAp5tJy2TI=
github.com/huandu/xstrings v1.5.0/go.mod h1:y5/lhBue+AyNmUVz9RLU9xbLR0o4KIIExikq4ovT0aE=
github.com/inconshreveable/mousetrap v1.1.0 h1:wN+x4NVGpMsO7ErUn/mUI3vEoE6Jt13X2s0bqwp9tc8=
github.com/inconshreveable/mousetrap v1.1.0/go.mod h1:vpF70FUmC8bwa3OWnCshd2FqLfsEA9PFc4w1p2J65bw=
github.com/joshdk/go-junit v1.0.0 h1:S86cUKIdwBHWwA6xCmFlf3RTLfVXYQfvanM5Uh+K6GE=
github.com/joshdk/go-junit v1.0.0/go.mod h1:TiiV0PqkaNfFXjEiyjWM3XXrhVyCa1K4Zfga6W52ung=
github.com/klauspost/compress v1.15.11 h1:Lcadnb3RKGin4FYM/orgq0qde+nc15E5Cbqg4B9Sx9c=
github.com/klauspost/compress v1.15.11/go.mod h1:QPwzmACJjUTFsnSHH934V6woptycfrDDJnH7hvFVbGM=
github.com/kr/pretty v0.3.1 h1:flRD4NNwYAUpkphVc1HcthR4KEIFJ65n8Mw5qdRn3LE=
github.com/kr/pretty v0.3.1/go.mod h1:hoEshYVHaxMs3cyo3Yncou5ZscifuDolrwPKZanG3xk=
github.com/kr/text v0.2.0 h1:5Nx0Ya0ZqY2ygV366QzturHI13Jq95ApcVaJBhpS+AY=
github.com/kr/text v0.2.0/go.mod h1:eLer722TekiGuMkidMxC/pM04lWEeraHUUmBw8l2grE=
github.com/logrusorgru/aurora/v3 v3.0.0 h1:R6zcoZZbvVcGMvDCKo45A9U/lzYyzl5NfYIvznmDfE4=
github.com/logrusorgru/aurora/v3 v3.0.0/go.mod h1:vsR12bk5grlLvLXAYrBsb5Oc/N+LxAlxggSjiwMnCUc=
github.com/lucasb-eyer/go-colorful v1.2.0 h1:1nnpGOrhyZZuNyfu1QjKiUICQ74+3FNCN69Aj6K7nkY=
github.com/lucasb-eyer/go-colorful v1.2.0/go.mod h1:R4dSotOR9KMtayYi1e77YzuveK+i7ruzyGqttikkLy0=
github.com/maruel/natural v1.1.1 h1:Hja7XhhmvEFhcByqDoHz9QZbkWey+COd9xWfCfn1ioo=
github.com/maruel/natural v1.1.1/go.mod h1:v+Rfd79xlw1AgVBjbO0BEQmptqb5HvL/k9GRHB7ZKEg=
github.com/mattn/go-colorable v0.1.13/go.mod h1:7S9/ev0klgBDR4GtXTXX8a3vIGJpMovkB8vQcUbaXHg=
github.com/mattn/go-colorable v0.1.14 h1:9A9LHSqF/7dyVVX6g0U9cwm9pG3kP9gSzcuIPHPsaIE=
github.com/mattn/go-colorable v0.1.14/go.mod h1:6LmQG8QLFO4G5z1gPvYEzlUgJ2wF+stgPZH1UqBm1s8=
github.com/mattn/go-isatty v0.0.16/go.mod h1:kYGgaQfpe5nmfYZH+SKPsOc2e4SrIfOl2e/yFXSvRLM=
github.com/mattn/go-isatty v0.0.19/go.mod h1:W+V8PltTTMOvKvAeJH7IuucS94S2C6jfK/D7dTCTo3Y=
github.com/mattn/go-isatty v0.0.20 h1:xfD0iDuEKnDkl03q4limB+vH+GxLEtL/jb4xVJSWWEY=
github.com/mattn/go-isatty v0.0.20/go.mod h1:W+V8PltTTMOvKvAeJH7IuucS94S2C6jfK/D7dTCTo3Y=
github.com/mattn/go-localereader v0.0.1 h1:ygSAOl7ZXTx4RdPYinUpg6W99U8jWvWi9Ye2JC/oIi4=
github.com/mattn/go-localereader v0.0.1/go.mod h1:8fBrzywKY7BI3czFoHkuzRoWE9C+EiG4R1k4Cjx5p88=
github.com/mattn/go-runewidth v0.0.12/go.mod h1:RAqKPSqVFrSLVXbA8x7dzmKdmGzieGRCM46jaSJTDAk=
github.com/mattn/go-runewidth v0.0.15 h1:UNAjwbU9l54TA3KzvqLGxwWjHmMgBUVhBiTjelZgg3U=
github.com/mattn/go-runewidth v0.0.15/go.mod h1:Jdepj2loyihRzMpdS35Xk/zdY8IAYHsh153qUoGf23w=
github.com/mfridman/tparse v0.18.0 h1:wh6dzOKaIwkUGyKgOntDW4liXSo37qg5AXbIhkMV3vE=
github.com/mfridman/tparse v0.18.0/go.mod h1:gEvqZTuCgEhPbYk/2lS3Kcxg1GmTxxU7kTC8DvP0i/A=
github.com/mitchellh/copystructure v1.2.0 h1:vpKXTN4ewci03Vljg/q9QvCGUDttBOGBIa15WveJJGw=
github.com/mitchellh/copystructure v1.2.0/go.mod h1:qLl+cE2AmVv+CoeAwDPye/v+N2HKCj9FbZEVFJRxO9s=
github.com/mitchellh/go-homedir v1.1.0 h1:lukF9ziXFxDFPkA1vsr5zpc1XuPDn/wFntq5mG+4E0Y=
github.com/mitchellh/go-homedir v1.1.0/go.mod h1:SfyaCUpYCn1Vlf4IUYiD9fPX4A5wJrkLzIz1N1q0pr0=
github.com/mitchellh/reflectwalk v1.0.2 h1:G2LzWKi524PWgd3mLHV8Y5k7s6XUvT0Gef6zxSIeXaQ=
github.com/mitchellh/reflectwalk v1.0.2/go.mod h1:mSTlrgnPZtwu0c4WaC2kGObEpuNDbx0jmZXqmk4esnw=
github.com/muesli/ansi v0.0.0-20211018074035-2e021307bc4b h1:1XF24mVaiu7u+CFywTdcDo2ie1pzzhwjt6RHqzpMU34=
github.com/muesli/ansi v0.0.0-20211018074035-2e021307bc4b/go.mod h1:fQuZ0gauxyBcmsdE3ZT4NasjaRdxmbCS0jRHsrWu3Ho=
github.com/muesli/cancelreader v0.2.2 h1:3I4Kt4BQjOR54NavqnDogx/MIoWBFa0StPA8ELUXHmA=
github.com/muesli/cancelreader v0.2.2/go.mod h1:3XuTXfFS2VjM+HTLZY9Ak0l6eUKfijIfMUZ4EgX0QYo=
github.com/muesli/reflow v0.3.0 h1:IFsN6K9NfGtjeggFP+68I4chLZV2yIKsXJFNZ+eWh6s=
github.com/muesli/reflow v0.3.0/go.mod h1:pbwTDkVPibjO2kyvBQRBxTWEEGDGq0FlB1BIKtnHY/8=
github.com/muesli/termenv v0.15.2 h1:GohcuySI0QmI3wN8Ok9PtKGkgkFIk7y6Vpb5PvrY+Wo=
github.com/muesli/termenv v0.15.2/go.mod h1:Epx+iuz8sNs7mNKhxzH4fWXGNpZwUaJKRS1noLXviQ8=
github.com/onsi/ginkgo/v2 v2.26.0 h1:1J4Wut1IlYZNEAWIV3ALrT9NfiaGW2cDCJQSFQMs/gE=
github.com/onsi/ginkgo/v2 v2.26.0/go.mod h1:qhEywmzWTBUY88kfO0BRvX4py7scov9yR+Az2oavUzw=
github.com/onsi/gomega v1.38.2 h1:eZCjf2xjZAqe+LeWvKb5weQ+NcPwX84kqJ0cZNxok2A=
github.com/onsi/gomega v1.38.2/go.mod h1:W2MJcYxRGV63b418Ai34Ud0hEdTVXq9NW9+Sx6uXf3k=
github.com/pelletier/go-toml/v2 v2.2.4 h1:mye9XuhQ6gvn5h28+VilKrrPoQVanw5PMw/TB0t5Ec4=
github.com/pelletier/go-toml/v2 v2.2.4/go.mod h1:2gIqNv+qfxSVS7cM2xJQKtLSTLUE9V8t9Stt+h56mCY=
github.com/pkg/errors v0.9.1 h1:FEBLx1zS214owpjy7qsBeixbURkuhQAwrK5UwLGTwt4=
github.com/pkg/errors v0.9.1/go.mod h1:bwawxfHBFNV+L2hUp1rHADufV3IMtnDRdf1r5NINEl0=
github.com/pmezard/go-difflib v1.0.0 h1:4DBwDE0NGyQoBHbLQYPwSUPoCMWR5BEzIk/f1lZbAQM=
github.com/pmezard/go-difflib v1.0.0/go.mod h1:iKH77koFhYxTK1pcRnkKkqfTogsbg7gZNVY4sRDYZ/4=
github.com/prashantv/gostub v1.1.0 h1:BTyx3RfQjRHnUWaGF9oQos79AlQ5k8WNktv7VGvVH4g=
github.com/prashantv/gostub v1.1.0/go.mod h1:A5zLQHz7ieHGG7is6LLXLz7I8+3LZzsrV0P1IAHhP5U=
github.com/prometheus/client_model v0.0.0-20190812154241-14fe0d1b01d4/go.mod h1:xMI15A0UPsDsEKsMN9yxemIoYk6Tm2C1GtYGdfGttqA=
github.com/rivo/uniseg v0.1.0/go.mod h1:J6wj4VEh+S6ZtnVlnTBMWIodfgj8LQOQFoIToxlJtxc=
github.com/rivo/uniseg v0.2.0/go.mod h1:J6wj4VEh+S6ZtnVlnTBMWIodfgj8LQOQFoIToxlJtxc=
github.com/rivo/uniseg v0.4.7 h1:WUdvkW8uEhrYfLC4ZzdpI2ztxP1I582+49Oc5Mq64VQ=
github.com/rivo/uniseg v0.4.7/go.mod h1:FN3SvrM+Zdj16jyLfmOkMNblXMcoc8DfTHruCPUcx88=
github.com/rogpeppe/go-internal v1.13.1 h1:KvO1DLK/DRN07sQ1LQKScxyZJuNnedQ5/wKSR38lUII=
github.com/rogpeppe/go-internal v1.13.1/go.mod h1:uMEvuHeurkdAXX61udpOXGD/AzZDWNMNyH2VO9fmH0o=
github.com/rs/xid v1.6.0/go.mod h1:7XoLgs4eV+QndskICGsho+ADou8ySMSjJKDIan90Nz0=
github.com/rs/zerolog v1.34.0 h1:k43nTLIwcTVQAncfCw4KZ2VY6ukYoZaBPNOE8txlOeY=
github.com/rs/zerolog v1.34.0/go.mod h1:bJsvje4Z08ROH4Nhs5iH600c3IkWhwp44iRc54W6wYQ=
github.com/russross/blackfriday/v2 v2.1.0/go.mod h1:+Rmxgy9KzJVeS9/2gXHxylqXiyQDYRxCVz55jmeOWTM=
github.com/sagikazarmark/locafero v0.11.0 h1:1iurJgmM9G3PA/I+wWYIOw/5SyBtxapeHDcg+AAIFXc=
github.com/sagikazarmark/locafero v0.11.0/go.mod h1:nVIGvgyzw595SUSUE6tvCp3YYTeHs15MvlmU87WwIik=
github.com/shopspring/decimal v1.4.0 h1:bxl37RwXBklmTi0C79JfXCEBD1cqqHt0bbgBAGFp81k=
github.com/shopspring/decimal v1.4.0/go.mod h1:gawqmDU56v4yIKSwfBSFip1HdCCXN8/+DMd9qYNcwME=
github.com/sourcegraph/conc v0.3.1-0.20240121214520-5f936abd7ae8 h1:+jumHNA0Wrelhe64i8F6HNlS8pkoyMv5sreGx2Ry5Rw=
github.com/sourcegraph/conc v0.3.1-0.20240121214520-5f936abd7ae8/go.mod h1:3n1Cwaq1E1/1lhQhtRK2ts/ZwZEhjcQeJQ1RuC6Q/8U=
github.com/spf13/afero v1.15.0 h1:b/YBCLWAJdFWJTN9cLhiXXcD7mzKn9Dm86dNnfyQw1I=
github.com/spf13/afero v1.15.0/go.mod h1:NC2ByUVxtQs4b3sIUphxK0NioZnmxgyCrfzeuq8lxMg=
github.com/spf13/cast v1.10.0 h1:h2x0u2shc1QuLHfxi+cTJvs30+ZAHOGRic8uyGTDWxY=
github.com/spf13/cast v1.10.0/go.mod h1:jNfB8QC9IA6ZuY2ZjDp0KtFO2LZZlg4S/7bzP6qqeHo=
github.com/spf13/cobra v1.10.1 h1:lJeBwCfmrnXthfAupyUTzJ/J4Nc1RsHC/mSRU2dll/s=
github.com/spf13/cobra v1.10.1/go.mod h1:7SmJGaTHFVBY0jW4NXGluQoLvhqFQM+6XSKD+P4XaB0=
github.com/spf13/pflag v1.0.9/go.mod h1:McXfInJRrz4CZXVZOBLb0bTZqETkiAhM9Iw0y3An2Bg=
github.com/spf13/pflag v1.0.10 h1:4EBh2KAYBwaONj6b2Ye1GiHfwjqyROoF4RwYO+vPwFk=
github.com/spf13/pflag v1.0.10/go.mod h1:McXfInJRrz4CZXVZOBLb0bTZqETkiAhM9Iw0y3An2Bg=
github.com/spf13/viper v1.21.0 h1:x5S+0EU27Lbphp4UKm1C+1oQO+rKx36vfCoaVebLFSU=
github.com/spf13/viper v1.21.0/go.mod h1:P0lhsswPGWD/1lZJ9ny3fYnVqxiegrlNrEmgLjbTCAY=
github.com/stretchr/objx v0.1.0/go.mod h1:HFkY916IF+rwdDfMAkV7OtwuqBVzrE8GR6GFx+wExME=
github.com/stretchr/objx v0.4.0/go.mod h1:YvHI0jy2hoMjB+UWwv71VJQ9isScKT/TqJzVSSt89Yw=
github.com/stretchr/objx v0.5.0/go.mod h1:Yh+to48EsGEfYuaHDzXPcE3xhTkx73EhmCGUpEOglKo=
github.com/stretchr/testify v1.7.1/go.mod h1:6Fq8oRcR53rry900zMqJjRRixrwX3KX962/h/Wwjteg=
github.com/stretchr/testify v1.8.0/go.mod h1:yNjHg4UonilssWZ8iaSj1OCr/vHnekPRkoO+kdMU+MU=
github.com/stretchr/testify v1.8.1/go.mod h1:w2LPCIKwWwSfY2zedu0+kehJoqGctiVI29o6fzry7u4=
github.com/stretchr/testify v1.11.1 h1:7s2iGBzp5EwR7/aIZr8ao5+dra3wiQyKjjFuvgVKu7U=
github.com/stretchr/testify v1.11.1/go.mod h1:wZwfW3scLgRK+23gO65QZefKpKQRnfz6sD981Nm4B6U=
github.com/subosito/gotenv v1.6.0 h1:9NlTDc1FTs4qu0DDq7AEtTPNw6SVm7uBMsUCUjABIf8=
github.com/subosito/gotenv v1.6.0/go.mod h1:Dk4QP5c2W3ibzajGcXpNraDfq2IrhjMIvMSWPKKo0FU=
github.com/tidwall/gjson v1.18.0 h1:FIDeeyB800efLX89e5a8Y0BNH+LOngJyGrIWxG2FKQY=
github.com/tidwall/gjson v1.18.0/go.mod h1:/wbyibRr2FHMks5tjHJ5F8dMZh3AcwJEMf5vlfC0lxk=
github.com/tidwall/match v1.1.1 h1:+Ho715JplO36QYgwN9PGYNhgZvoUSc9X2c80KVTi+GA=
github.com/tidwall/match v1.1.1/go.mod h1:eRSPERbgtNPcGhD8UCthc6PmLEQXEWd3PRB5JTxsfmM=
github.com/tidwall/pretty v1.2.1 h1:qjsOFOWWQl+N3RsoF5/ssm1pHmJJwhjlSbZ51I6wMl4=
github.com/tidwall/pretty v1.2.1/go.mod h1:ITEVvHYasfjBbM0u2Pg8T2nJnzm8xPwvNhhsoaGGjNU=
github.com/tidwall/sjson v1.2.5 h1:kLy8mja+1c9jlljvWTlSazM7cKDRfJuR/bOJhcY5NcY=
github.com/tidwall/sjson v1.2.5/go.mod h1:Fvgq9kS/6ociJEDnK0Fk1cpYF4FIW6ZF7LAe+6jwd28=
github.com/ulikunitz/xz v0.5.15 h1:9DNdB5s+SgV3bQ2ApL10xRc35ck0DuIX/isZvIk+ubY=
github.com/ulikunitz/xz v0.5.15/go.mod h1:nbz6k7qbPmH4IRqmfOplQw/tblSgqTqBwxkY0oWt/14=
go.opencensus.io v0.24.0 h1:y73uSU6J157QMP2kn2r30vwW1A2W2WFwSCGnAVxeaD0=
go.opencensus.io v0.24.0/go.mod h1:vNK8G9p7aAivkbmorf4v+7Hgx+Zs0yY+0fOtgBfjQKo=
go.uber.org/automaxprocs v1.6.0 h1:O3y2/QNTOdbF+e/dpXNNW7Rx2hZ4sTIPyybbxyNqTUs=
go.uber.org/automaxprocs v1.6.0/go.mod h1:ifeIMSnPZuznNm6jmdzmU3/bfk01Fe2fotchwEFJ8r8=
go.yaml.in/yaml/v2 v2.4.2 h1:DzmwEr2rDGHl7lsFgAHxmNz/1NlQ7xLIrlN2h5d1eGI=
go.yaml.in/yaml/v2 v2.4.2/go.mod h1:081UH+NErpNdqlCXm3TtEran0rJZGxAYx9hb/ELlsPU=
go.yaml.in/yaml/v3 v3.0.4 h1:tfq32ie2Jv2UxXFdLJdh3jXuOzWiL1fo0bu/FbuKpbc=
go.yaml.in/yaml/v3 v3.0.4/go.mod h1:DhzuOOF2ATzADvBadXxruRBLzYTpT36CKvDb3+aBEFg=
golang.org/x/crypto v0.0.0-20190308221718-c2843e01d9a2/go.mod h1:djNgcEr1/C05ACkg1iLfiJU5Ep61QUkGW8qpdssI0+w=
golang.org/x/crypto v0.0.0-20200622213623-75b288015ac9/go.mod h1:LzIPMQfyMNhhGPhUkYOs5KpL4U8rLKemX1yGLhDgUto=
golang.org/x/crypto v0.41.0 h1:WKYxWedPGCTVVl5+WHSSrOBT0O8lx32+zxmHxijgXp4=
golang.org/x/crypto v0.41.0/go.mod h1:pO5AFd7FA68rFak7rOAGVuygIISepHftHnr8dr6+sUc=
golang.org/x/exp v0.0.0-20190121172915-509febef88a4/go.mod h1:CJ0aWSM057203Lf6IL+f9T1iT9GByDxfZKAQTCR3kQA=
golang.org/x/lint v0.0.0-20181026193005-c67002cb31c3/go.mod h1:UVdnD1Gm6xHRNCYTkRU2/jEulfH38KcIWyp/GAMgvoE=
golang.org/x/lint v0.0.0-20190227174305-5b3e6a55c961/go.mod h1:wehouNa3lNwaWXcvxsM5YxQ5yQlVC4a0KAMCusXpPoU=
golang.org/x/lint v0.0.0-20190313153728-d0100b6bd8b3/go.mod h1:6SW0HCj/g11FgYtHlgUYUwCkIfeOF89ocIRzGO/8vkc=
golang.org/x/mod v0.27.0 h1:kb+q2PyFnEADO2IEF935ehFUXlWiNjJWtRNgBLSfbxQ=
golang.org/x/mod v0.27.0/go.mod h1:rWI627Fq0DEoudcK+MBkNkCe0EetEaDSwJJkCcjpazc=
golang.org/x/net v0.0.0-20180724234803-3673e40ba225/go.mod h1:mL1N/T3taQHkDXs73rZJwtUhF3w3ftmwwsq0BUmARs4=
golang.org/x/net v0.0.0-20180826012351-8a410e7b638d/go.mod h1:mL1N/T3taQHkDXs73rZJwtUhF3w3ftmwwsq0BUmARs4=
golang.org/x/net v0.0.0-20190213061140-3a22650c66bd/go.mod h1:mL1N/T3taQHkDXs73rZJwtUhF3w3ftmwwsq0BUmARs4=
golang.org/x/net v0.0.0-20190311183353-d8887717615a/go.mod h1:t9HGtf8HONx5eT2rtn7q6eTqICYqUVnKs3thJo3Qplg=
golang.org/x/net v0.0.0-20190404232315-eb5bcb51f2a3/go.mod h1:t9HGtf8HONx5eT2rtn7q6eTqICYqUVnKs3thJo3Qplg=
golang.org/x/net v0.0.0-20190603091049-60506f45cf65/go.mod h1:HSz+uSET+XFnRR8LxR5pz3Of3rY3CfYBVs4xY44aLks=
golang.org/x/net v0.0.0-20201110031124-69a78807bb2b/go.mod h1:sp8m0HH+o8qH0wwXwYZr8TS3Oi6o0r6Gce1SSxlDquU=
golang.org/x/net v0.43.0 h1:lat02VYK2j4aLzMzecihNvTlJNQUq316m2Mr9rnM6YE=
golang.org/x/net v0.43.0/go.mod h1:vhO1fvI4dGsIjh73sWfUVjj3N7CA9WkKJNQm2svM6Jg=
golang.org/x/oauth2 v0.0.0-20180821212333-d2e6202438be/go.mod h1:N/0e6XlmueqKjAGxoOufVs8QHGRruUQn6yWY3a++T0U=
golang.org/x/oauth2 v0.27.0 h1:da9Vo7/tDv5RH/7nZDz1eMGS/q1Vv1N/7FCrBhI9I3M=
golang.org/x/oauth2 v0.27.0/go.mod h1:onh5ek6nERTohokkhCD/y2cV4Do3fxFHFuAejCkRWT8=
golang.org/x/sync v0.0.0-20180314180146-1d60e4601c6f/go.mod h1:RxMgew5VJxzue5/jJTE5uejpjVlOe/izrB70Jof72aM=
golang.org/x/sync v0.0.0-20181108010431-42b317875d0f/go.mod h1:RxMgew5VJxzue5/jJTE5uejpjVlOe/izrB70Jof72aM=
golang.org/x/sync v0.0.0-20190423024810-112230192c58/go.mod h1:RxMgew5VJxzue5/jJTE5uejpjVlOe/izrB70Jof72aM=
golang.org/x/sync v0.16.0 h1:ycBJEhp9p4vXvUZNszeOq0kGTPghopOL8q0fq3vstxw=
golang.org/x/sync v0.16.0/go.mod h1:1dzgHSNfp02xaA81J2MS99Qcpr2w7fw1gpm99rleRqA=
golang.org/x/sys v0.0.0-20180830151530-49385e6e1522/go.mod h1:STP8DvDyc/dI5b8T5hshtkjS+E42TnysNCUPdjciGhY=
golang.org/x/sys v0.0.0-20190215142949-d0b11bdaac8a/go.mod h1:STP8DvDyc/dI5b8T5hshtkjS+E42TnysNCUPdjciGhY=
golang.org/x/sys v0.0.0-20190412213103-97732733099d/go.mod h1:h1NjWce9XRLGQEsW7wpKNCjG9DtNlClVuFLEZdDNbEs=
golang.org/x/sys v0.0.0-20200930185726-fdedc70b468f/go.mod h1:h1NjWce9XRLGQEsW7wpKNCjG9DtNlClVuFLEZdDNbEs=
golang.org/x/sys v0.0.0-20220811171246-fbc7d0a398ab/go.mod h1:oPkhp1MJrh7nUepCBck5+mAzfO9JrbApNNgaTdGDITg=
golang.org/x/sys v0.1.0/go.mod h1:oPkhp1MJrh7nUepCBck5+mAzfO9JrbApNNgaTdGDITg=
golang.org/x/sys v0.6.0/go.mod h1:oPkhp1MJrh7nUepCBck5+mAzfO9JrbApNNgaTdGDITg=
golang.org/x/sys v0.12.0/go.mod h1:oPkhp1MJrh7nUepCBck5+mAzfO9JrbApNNgaTdGDITg=
golang.org/x/sys v0.35.0 h1:vz1N37gP5bs89s7He8XuIYXpyY0+QlsKmzipCbUtyxI=
golang.org/x/sys v0.35.0/go.mod h1:BJP2sWEmIv4KK5OTEluFJCKSidICx8ciO85XgH3Ak8k=
golang.org/x/term v0.34.0 h1:O/2T7POpk0ZZ7MAzMeWFSg6S5IpWd/RXDlM9hgM3DR4=
golang.org/x/term v0.34.0/go.mod h1:5jC53AEywhIVebHgPVeg0mj8OD3VO9OzclacVrqpaAw=
golang.org/x/text v0.3.0/go.mod h1:NqM8EUOU14njkJ3fqMW+pc6Ldnwhi/IjpwHt7yyuwOQ=
golang.org/x/text v0.3.2/go.mod h1:bEr9sfX3Q8Zfm5fL9x+3itogRgK3+ptLWKqgva+5dAk=
golang.org/x/text v0.3.3/go.mod h1:5Zoc/QRtKVWzQhOtBMvqHzDpF6irO9z98xDceosuGiQ=
golang.org/x/text v0.28.0 h1:rhazDwis8INMIwQ4tpjLDzUhx6RlXqZNPEM0huQojng=
golang.org/x/text v0.28.0/go.mod h1:U8nCwOR8jO/marOQ0QbDiOngZVEBB7MAiitBuMjXiNU=
golang.org/x/tools v0.0.0-20180917221912-90fa682c2a6e/go.mod h1:n7NCudcB/nEzxVGmLbDWY5pfWTLqBcC2KZ6jyYvM4mQ=
golang.org/x/tools v0.0.0-20190114222345-bf090417da8b/go.mod h1:n7NCudcB/nEzxVGmLbDWY5pfWTLqBcC2KZ6jyYvM4mQ=
golang.org/x/tools v0.0.0-20190226205152-f727befe758c/go.mod h1:9Yl7xja0Znq3iFh3HoIrodX9oNMXvdceNzlUR8zjMvY=
golang.org/x/tools v0.0.0-20190311212946-11955173bddd/go.mod h1:LCzVGOaR6xXOjkQ3onu1FJEFr0SW1gC7cKk1uF8kGRs=
golang.org/x/tools v0.0.0-20190524140312-2c0ae7006135/go.mod h1:RgjU9mgBXZiqYHBnxXauZ1Gv1EHHAz9KjViQ78xBX0Q=
golang.org/x/tools v0.36.0 h1:kWS0uv/zsvHEle1LbV5LE8QujrxB3wfQyxHfhOk0Qkg=
golang.org/x/tools v0.36.0/go.mod h1:WBDiHKJK8YgLHlcQPYQzNCkUxUypCaa5ZegCVutKm+s=
golang.org/x/xerrors v0.0.0-20191204190536-9bdfabe68543/go.mod h1:I/5z698sn9Ka8TeJc9MKroUUfqBBauWjQqLJ2OPfmY0=
golang.org/x/xerrors v0.0.0-20220907171357-04be3eba64a2 h1:H2TDz8ibqkAF6YGhCdN3jS9O0/s90v0rJh3X/OLHEUk=
golang.org/x/xerrors v0.0.0-20220907171357-04be3eba64a2/go.mod h1:K8+ghG5WaK9qNqU5K3HdILfMLy1f3aNYFI/wnl100a8=
google.golang.org/api v0.114.0 h1:1xQPji6cO2E2vLiI+C/XiFAnsn1WV3mjaEwGLhi3grE=
google.golang.org/api v0.114.0/go.mod h1:ifYI2ZsFK6/uGddGfAD5BMxlnkBqCmqHSDUVi45N5Yg=
google.golang.org/appengine v1.1.0/go.mod h1:EbEs0AVv82hx2wNQdGPgUI5lhzA/G0D9YwlJXL52JkM=
google.golang.org/appengine v1.4.0/go.mod h1:xpcJRLb0r/rnEns0DIKYYv+WjYCduHsrkT7/EB5XEv4=
google.golang.org/appengine v1.6.7 h1:FZR1q0exgwxzPzp/aF+VccGrSfxfPpkBqjIIEq3ru6c=
google.golang.org/appengine v1.6.7/go.mod h1:8WjMMxjGQR8xUklV/ARdw2HLXBOI7O7uCIDZVag1xfc=
google.golang.org/genproto v0.0.0-20180817151627-c66870c02cf8/go.mod h1:JiN7NxoALGmiZfu7CAH4rXhgtRTLTxftemlI0sWmxmc=
google.golang.org/genproto v0.0.0-20190819201941-24fa4b261c55/go.mod h1:DMBHOl98Agz4BDEuKkezgsaosCRResVns1a3J2ZsMNc=
google.golang.org/genproto v0.0.0-20200526211855-cb27e3aa2013/go.mod h1:NbSheEEYHJ7i3ixzK3sjbqSGDJWnxyFXZblF3eUsNvo=
google.golang.org/genproto v0.0.0-20230410155749-daa745c078e1 h1:KpwkzHKEF7B9Zxg18WzOa7djJ+Ha5DzthMyZYQfEn2A=
google.golang.org/genproto v0.0.0-20230410155749-daa745c078e1/go.mod h1:nKE/iIaLqn2bQwXBg8f1g2Ylh6r5MN5CmZvuzZCgsCU=
google.golang.org/grpc v1.19.0/go.mod h1:mqu4LbDTu4XGKhr4mRzUsmM4RtVoemTSY81AxZiDr8c=
google.golang.org/grpc v1.23.0/go.mod h1:Y5yQAOtifL1yxbo5wqy6BxZv8vAUGQwXBOALyacEbxg=
google.golang.org/grpc v1.25.1/go.mod h1:c3i+UQWmh7LiEpx4sFZnkU36qjEYZ0imhYfXVyQciAY=
google.golang.org/grpc v1.27.0/go.mod h1:qbnxyOmOxrQa7FizSgH+ReBfzJrCY1pSN7KXBS8abTk=
google.golang.org/grpc v1.33.2/go.mod h1:JMHMWHQWaTccqQQlmk3MJZS+GWXOdAesneDmEnv2fbc=
google.golang.org/grpc v1.56.3 h1:8I4C0Yq1EjstUzUJzpcRVbuYA2mODtEmpWiQoN/b2nc=
google.golang.org/grpc v1.56.3/go.mod h1:I9bI3vqKfayGqPUAwGdOSu7kt6oIJLixfffKrpXqQ9s=
google.golang.org/protobuf v0.0.0-20200109180630-ec00e32a8dfd/go.mod h1:DFci5gLYBciE7Vtevhsrf46CRTquxDuWsQurQQe4oz8=
google.golang.org/protobuf v0.0.0-20200221191635-4d8936d0db64/go.mod h1:kwYJMbMJ01Woi6D6+Kah6886xMZcty6N08ah7+eCXa0=
google.golang.org/protobuf v0.0.0-20200228230310-ab0ca4ff8a60/go.mod h1:cfTl7dwQJ+fmap5saPgwCLgHXTUD7jkjRqWcaiX5VyM=
google.golang.org/protobuf v1.20.1-0.20200309200217-e05f789c0967/go.mod h1:A+miEFZTKqfCUM6K7xSMQL9OKL/b6hQv+e19PK+JZNE=
google.golang.org/protobuf v1.21.0/go.mod h1:47Nbq4nVaFHyn7ilMalzfO3qCViNmqZ2kzikPIcrTAo=
google.golang.org/protobuf v1.22.0/go.mod h1:EGpADcykh3NcUnDUJcl1+ZksZNG86OlYog2l/sGQquU=
google.golang.org/protobuf v1.23.0/go.mod h1:EGpADcykh3NcUnDUJcl1+ZksZNG86OlYog2l/sGQquU=
google.golang.org/protobuf v1.23.1-0.20200526195155-81db48ad09cc/go.mod h1:EGpADcykh3NcUnDUJcl1+ZksZNG86OlYog2l/sGQquU=
google.golang.org/protobuf v1.25.0/go.mod h1:9JNX74DMeImyA3h4bdi1ymwjUzf21/xIlbajtzgsN7c=
google.golang.org/protobuf v1.26.0-rc.1/go.mod h1:jlhhOSvTdKEhbULTjvd4ARK9grFBp09yW+WbY/TyQbw=
google.golang.org/protobuf v1.26.0/go.mod h1:9q0QmTI4eRPtz6boOQmLYwt+qCgq0jsYwAQnmE0givc=
google.golang.org/protobuf v1.36.10 h1:AYd7cD/uASjIL6Q9LiTjz8JLcrh/88q5UObnmY3aOOE=
google.golang.org/protobuf v1.36.10/go.mod h1:HTf+CrKn2C3g5S8VImy6tdcUvCska2kB7j23XfzDpco=
gopkg.in/check.v1 v0.0.0-20161208181325-20d25e280405/go.mod h1:Co6ibVJAznAaIkqp8huTwlJQCZ016jof/cbN4VW5Yz0=
gopkg.in/check.v1 v1.0.0-20190902080502-41f04d3bba15 h1:YR8cESwS4TdDjEe65xsg0ogRM/Nc3DYOhEAlW+xobZo=
gopkg.in/check.v1 v1.0.0-20190902080502-41f04d3bba15/go.mod h1:Co6ibVJAznAaIkqp8huTwlJQCZ016jof/cbN4VW5Yz0=
gopkg.in/yaml.v3 v3.0.0-20200313102051-9f266ea9e77c/go.mod h1:K4uyk7z7BCEPqu6E+C64Yfv1cQ7kz7rIZviUmN+EgEM=
gopkg.in/yaml.v3 v3.0.1 h1:fxVm/GzAzEWqLHuvctI91KS9hhNmmWOoWu0XTYJS7CA=
gopkg.in/yaml.v3 v3.0.1/go.mod h1:K4uyk7z7BCEPqu6E+C64Yfv1cQ7kz7rIZviUmN+EgEM=
honnef.co/go/tools v0.0.0-20190102054323-c2f93a96b099/go.mod h1:rf3lG4BRIbNafJWhAfAdb/ePZxsR/4RtNHQocxwk9r4=
honnef.co/go/tools v0.0.0-20190523083050-ea95bdfd59fc/go.mod h1:rf3lG4BRIbNafJWhAfAdb/ePZxsR/4RtNHQocxwk9r4=
sigs.k8s.io/yaml v1.6.0 h1:G8fkbMSAFqgEFgh4b1wmtzDnioxFCUgTZhlbj5P9QYs=
sigs.k8s.io/yaml v1.6.0/go.mod h1:796bPqUfzR/0jLAl6XjHl3Ck7MiyVv8dbTdyT3/pMf4=
